
Microsoft Visual Studio Solution File, Format Version 12.00
Project("{FAE04EC0-301F-11D3-BF4B-00C04F79EFBC}") = "CeleryInstaller", "CeleryInstaller\CeleryInstaller.csproj", "{8DCF3A9E-F853-4DAF-8B62-A62DACC43EB8}"
EndProject
Global
	GlobalSection(SolutionConfigurationPlatforms) = preSolution
		Debug|Any CPU = Debug|Any CPU
		Release|Any CPU = Release|Any CPU
	EndGlobalSection
	GlobalSection(ProjectConfigurationPlatforms) = postSolution
		{8DCF3A9E-F853-4DAF-8B62-A62DACC43EB8}.Debug|Any CPU.ActiveCfg = Debug|Any CPU
		{8DCF3A9E-F853-4DAF-8B62-A62DACC43EB8}.Debug|Any CPU.Build.0 = Debug|Any CPU
		{8DCF3A9E-F853-4DAF-8B62-A62DACC43EB8}.Release|Any CPU.ActiveCfg = Release|Any CPU
		{8DCF3A9E-F853-4DAF-8B62-A62DACC43EB8}.Release|Any CPU.Build.0 = Release|Any CPU
	EndGlobalSection
EndGlobal
